
Microsoft Visual Studio Solution File, Format Version 12.00
# Visual Studio Version 17
VisualStudioVersion = 17.0.32112.339
MinimumVisualStudioVersion = 10.0.40219.1
Project("{FAE04EC0-301F-11D3-BF4B-00C04F79EFBC}") = "TODOApi", "TODOApi.csproj", "{D2872C88-9626-4D30-B991-8A1F48F7E81F}"
EndProject
Global
	GlobalSection(SolutionConfigurationPlatforms) = preSolution
		Debug|Any CPU = Debug|Any CPU
		Release|Any CPU = Release|Any CPU
	EndGlobalSection
	GlobalSection(ProjectConfigurationPlatforms) = postSolution
		{D2872C88-9626-4D30-B991-8A1F48F7E81F}.Debug|Any CPU.ActiveCfg = Debug|Any CPU
		{D2872C88-9626-4D30-B991-8A1F48F7E81F}.Debug|Any CPU.Build.0 = Debug|Any CPU
		{D2872C88-9626-4D30-B991-8A1F48F7E81F}.Release|Any CPU.ActiveCfg = Release|Any CPU
		{D2872C88-9626-4D30-B991-8A1F48F7E81F}.Release|Any CPU.Build.0 = Release|Any CPU
	EndGlobalSection
	GlobalSection(SolutionProperties) = preSolution
		HideSolutionNode = FALSE
	EndGlobalSection
	GlobalSection(ExtensibilityGlobals) = postSolution
		SolutionGuid = {79B5EDA1-1151-4721-B1D7-A93AF4699332}
	EndGlobalSection
EndGlobal
